
Microsoft Visual Studio Solution File, Format Version 12.00
# Visual Studio Version 16
VisualStudioVersion = 16.0.30011.22
MinimumVisualStudioVersion = 10.0.40219.1
Project("{FAE04EC0-301F-11D3-BF4B-00C04F79EFBC}") = "PsudoOnInterface", "PsudoOnInterface\PsudoOnInterface.csproj", "{44C2F225-762D-4D18-BB6C-B39CFCFBAF05}"
EndProject
Project("{FAE04EC0-301F-11D3-BF4B-00C04F79EFBC}") = "ConsoleApp", "ConsoleApp\ConsoleApp.csproj", "{02876156-C603-4D24-8BBC-06D7BA64E6FA}"
EndProject
Project("{FAE04EC0-301F-11D3-BF4B-00C04F79EFBC}") = "ConsoleApp for threading", "ConsoleApp for threading\ConsoleApp for threading.csproj", "{02BE5D78-1CDF-415D-83BA-0635C5522CCF}"
EndProject
Global
	GlobalSection(SolutionConfigurationPlatforms) = preSolution
		Debug|Any CPU = Debug|Any CPU
		Release|Any CPU = Release|Any CPU
	EndGlobalSection
	GlobalSection(ProjectConfigurationPlatforms) = postSolution
		{44C2F225-762D-4D18-BB6C-B39CFCFBAF05}.Debug|Any CPU.ActiveCfg = Debug|Any CPU
		{44C2F225-762D-4D18-BB6C-B39CFCFBAF05}.Debug|Any CPU.Build.0 = Debug|Any CPU
		{44C2F225-762D-4D18-BB6C-B39CFCFBAF05}.Release|Any CPU.ActiveCfg = Release|Any CPU
		{44C2F225-762D-4D18-BB6C-B39CFCFBAF05}.Release|Any CPU.Build.0 = Release|Any CPU
		{02876156-C603-4D24-8BBC-06D7BA64E6FA}.Debug|Any CPU.ActiveCfg = Debug|Any CPU
		{02876156-C603-4D24-8BBC-06D7BA64E6FA}.Debug|Any CPU.Build.0 = Debug|Any CPU
		{02876156-C603-4D24-8BBC-06D7BA64E6FA}.Release|Any CPU.ActiveCfg = Release|Any CPU
		{02876156-C603-4D24-8BBC-06D7BA64E6FA}.Release|Any CPU.Build.0 = Release|Any CPU
		{02BE5D78-1CDF-415D-83BA-0635C5522CCF}.Debug|Any CPU.ActiveCfg = Debug|Any CPU
		{02BE5D78-1CDF-415D-83BA-0635C5522CCF}.Debug|Any CPU.Build.0 = Debug|Any CPU
		{02BE5D78-1CDF-415D-83BA-0635C5522CCF}.Release|Any CPU.ActiveCfg = Release|Any CPU
		{02BE5D78-1CDF-415D-83BA-0635C5522CCF}.Release|Any CPU.Build.0 = Release|Any CPU
	EndGlobalSection
	GlobalSection(SolutionProperties) = preSolution
		HideSolutionNode = FALSE
	EndGlobalSection
	GlobalSection(ExtensibilityGlobals) = postSolution
		SolutionGuid = {D9B879EC-C902-42F8-A5C5-DDBC2B9D8F21}
	EndGlobalSection
EndGlobal
